PODS:
  - Alamofire (3.2.0)
  - RxCocoa (2.1.0):
    - RxSwift (~> 2.0)
  - RxSwift (2.1.0)
  - RxTests (2.1.0):
    - RxSwift (~> 2.0)
  - Swinject (1.1.0)
  - SWXMLHash (2.1.0)

DEPENDENCIES:
  - Alamofire (~> 3.0)
  - RxCocoa (~> 2.0)
  - RxSwift (~> 2.0)
  - RxTests (~> 2.0)
  - Swinject (~> 1.1.0)
  - SWXMLHash (~> 2.1.0)

SPEC CHECKSUMS:
  Alamofire: 4da478599fccddff361205c8929333d7fe18dceb
  RxCocoa: 79b5feb8378545336e756a0a33fcf5e95050b71c
  RxSwift: 110fb07f81c17c2c3b3254d168363057b1880d18
  RxTests: 94c67ffc37c36bd8c7aec90a84601a3db142be94
  Swinject: 514e56e46e3cd362f2cca07bb6ad1fdbed9abbfa
  SWXMLHash: 7257a358b3ab2f7a209e0b4e4cf552e8b6df5f0f

PODFILE CHECKSUM: 57e5cd78a672fb07fedf49ce99875364d3ef97e3

COCOAPODS: 1.0.0.beta.2
